
Microsoft Visual Studio Solution File, Format Version 12.00
# Visual Studio Version 17
VisualStudioVersion = 17.6.33829.357
MinimumVisualStudioVersion = 10.0.40219.1
Project("{FAE04EC0-301F-11D3-BF4B-00C04F79EFBC}") = "Cards_Database", "Cards_Database\Cards_Database.csproj", "{BF6D1061-43D9-486F-B855-F66B716DE185}"
EndProject
Global
	GlobalSection(SolutionConfigurationPlatforms) = preSolution
		Debug|Any CPU = Debug|Any CPU
		Release|Any CPU = Release|Any CPU
	EndGlobalSection
	GlobalSection(ProjectConfigurationPlatforms) = postSolution
		{BF6D1061-43D9-486F-B855-F66B716DE185}.Debug|Any CPU.ActiveCfg = Debug|Any CPU
		{BF6D1061-43D9-486F-B855-F66B716DE185}.Debug|Any CPU.Build.0 = Debug|Any CPU
		{BF6D1061-43D9-486F-B855-F66B716DE185}.Release|Any CPU.ActiveCfg = Release|Any CPU
		{BF6D1061-43D9-486F-B855-F66B716DE185}.Release|Any CPU.Build.0 = Release|Any CPU
	EndGlobalSection
	GlobalSection(SolutionProperties) = preSolution
		HideSolutionNode = FALSE
	EndGlobalSection
	GlobalSection(ExtensibilityGlobals) = postSolution
		SolutionGuid = {E4D93646-DD22-4A7D-8848-6DB9B8C028E1}
	EndGlobalSection
EndGlobal
